# This file is autogenerated, do not edit; changes may be undone by the next 'dep ensure'.


[[projects]]
  branch = "master"
  name = "github.com/samlitowitz/bnet-encoding"
  packages = ["pkg/encoding/bnet"]
  revision = "0d267bab7fd6c7c1d6ed036b5e227171cbb7d769"

[solve-meta]
  analyzer-name = "dep"
  analyzer-version = 1
  inputs-digest = "f6b7cbca1bcc495d8a3ae84cbd6ad70f47be29a839b824ab4bb56d28b176ff57"
  solver-name = "gps-cdcl"
  solver-version = 1
